{
  "nodes": {
    "nixpkgs": {
      "locked": {
        "lastModified": 1773273954,
        "narHash": "sha256-K6Tv7OZisemUGJyskJiTOHuYi1Zfgo1/bkkNKzkwls8=",
        "rev": "42d9faa25071fea9034d4fb9856a54199282313f",
        "type": "tarball",
        "url": "https://releases.nixos.org/nixos/25.11-small/nixos-25.11.7472.42d9faa25071/nixexprs.tar.xz"
      },
      "original": {
        "type": "tarball",
        "url": "https://channels.nixos.org/nixos-25.11-small/nixexprs.tar.xz"
      }
    },
    "root": {
      "inputs": {
        "nixpkgs": "nixpkgs"
      }
    }
  },
  "root": "root",
  "version": 7
}
