{
  "nodes": {
    "nixpkgs": {
      "locked": {
        "lastModified": 1771648058,
        "narHash": "sha256-FxyacIgH/1LPHguSjU2vh3mLfEqhF2X8CPCNcyu00oU=",
        "rev": "fef5f9900448b65d254ab378d6b107e9dec4dd56",
        "type": "tarball",
        "url": "https://releases.nixos.org/nixpkgs/25.11-darwin/nixpkgs-darwin-25.11pre908193.fef5f9900448/nixexprs.tar.xz"
      },
      "original": {
        "type": "tarball",
        "url": "https://channels.nixos.org/nixpkgs-25.11-darwin/nixexprs.tar.xz"
      }
    },
    "root": {
      "inputs": {
        "nixpkgs": "nixpkgs"
      }
    }
  },
  "root": "root",
  "version": 7
}
