{
  "nodes": {
    "channel": {
      "locked": {
        "lastModified": 1787364730,
        "narHash": "sha256-NcYt9QJfpJiF1lAyN8BDPB4EeScbPU+EwQqPiBElrpU=",
        "owner": "nixos",
        "repo": "nixpkgs",
        "rev": "a831408e6378bc02ebf8cc09b52c96ca86f6bab4",
        "type": "github"
      },
      "original": {
        "owner": "nixos",
        "ref": "nixpkgs-unstable",
        "repo": "nixpkgs",
        "type": "github"
      }
    },
    "default": {
      "inputs": {
        "channel": "channel"
      },
      "locked": {
        "dir": "nixpkgs-unstable",
        "lastModified": 1787325973,
        "narHash": "sha256-YCV7FYd4RwF3GKeQlnadfome3hEWpzYodjBNPVujZQM=",
        "owner": "nixology",
        "repo": "channels.nix",
        "rev": "1da8c2ade17ec8dfd340ec1dccf2565429c66fb4",
        "type": "github"
      },
      "original": {
        "dir": "nixpkgs-unstable",
        "owner": "nixology",
        "repo": "channels.nix",
        "type": "github"
      }
    },
    "flake-parts": {
      "inputs": {
        "nixpkgs-lib": "nixpkgs-lib"
      },
      "locked": {
        "lastModified": 1787559586,
        "narHash": "sha256-onL0VLf9vPllmT0H/OlURIU5r5t5WIEl7t4tVNKT0Nw=",
        "owner": "hercules-ci",
        "repo": "flake-parts",
        "rev": "9d0d87172c374f89da73c1cfe6d81ae62feac1f1",
        "type": "github"
      },
      "original": {
        "owner": "hercules-ci",
        "repo": "flake-parts",
        "type": "github"
      }
    },
    "nixpkgs-lib": {
      "locked": {
        "lastModified": 1785031560,
        "narHash": "sha256-OmshNvn2vupOFpYinLUu+1Dnpu4n7Q5N3ggGVNHpkUI=",
        "owner": "nix-community",
        "repo": "nixpkgs.lib",
        "rev": "0e79af5e3d4dcfcd676ab5ba3f95d2e3352e078c",
        "type": "github"
      },
      "original": {
        "owner": "nix-community",
        "repo": "nixpkgs.lib",
        "type": "github"
      }
    },
    "root": {
      "inputs": {
        "default": "default",
        "flake-parts": "flake-parts",
        "nixpkgs": [
          "default",
          "channel"
        ]
      }
    }
  },
  "root": "root",
  "version": 7
}
