{
  "nodes": {
    "nixpkgs": {
      "inputs": {
        "nixpkgs": [
          "nixpkgs-unstable",
          "nixpkgs"
        ]
      },
      "locked": {
        "lastModified": 1773325923,
        "narHash": "sha256-LNBX/SX2tiy93xMsQmc00JU/Y6X0sQHVAkWLkuBkXpE=",
        "owner": "numtide",
        "repo": "nixpkgs-unfree",
        "rev": "f31a82cd977f12f86d47b44728327d3bfe7deea7",
        "type": "github"
      },
      "original": {
        "owner": "numtide",
        "ref": "nixpkgs-unstable",
        "repo": "nixpkgs-unfree",
        "type": "github"
      }
    },
    "nixpkgs-unstable": {
      "inputs": {
        "nixpkgs": "nixpkgs_2"
      },
      "locked": {
        "dir": "partitions/channels/unstable",
        "lastModified": 1773344001,
        "narHash": "sha256-pPBrtV5XqjBi+FSPBJ9NWkY2aesZKVO9JSYwXxJDbHE=",
        "ref": "refs/heads/main",
        "rev": "1c3571dd943183ccb6843cf58d46dda5c8fda48b",
        "revCount": 33,
        "type": "git",
        "url": "ssh://git@github.com/marksisson/std"
      },
      "original": {
        "dir": "partitions/channels/unstable",
        "type": "git",
        "url": "ssh://git@github.com/marksisson/std"
      }
    },
    "nixpkgs_2": {
      "locked": {
        "lastModified": 1771207753,
        "narHash": "sha256-7o+iRF++GO/gGrgrRMlnld2V/3QIzpdwMKViVkHtMEQ=",
        "rev": "d1c15b7d5806069da59e819999d70e1cec0760bf",
        "type": "tarball",
        "url": "https://releases.nixos.org/nixpkgs/nixpkgs-26.05pre946960.d1c15b7d5806/nixexprs.tar.xz"
      },
      "original": {
        "type": "tarball",
        "url": "https://channels.nixos.org/nixpkgs-unstable/nixexprs.tar.xz"
      }
    },
    "root": {
      "inputs": {
        "nixpkgs": "nixpkgs",
        "nixpkgs-unstable": "nixpkgs-unstable"
      }
    }
  },
  "root": "root",
  "version": 7
}
