{
  "nodes": {
    "nixpkgs": {
      "locked": {
        "lastModified": 1771574726,
        "narHash": "sha256-6hAWXm2w/y2Lm9V9hydUGaNnPq8D8t0bRPf7ojfq/7k=",
        "rev": "c217913993d6c6f6805c3b1a3bda5e639adfde6d",
        "type": "tarball",
        "url": "https://releases.nixos.org/nixos/25.11/nixos-25.11.6327.c217913993d6/nixexprs.tar.xz"
      },
      "original": {
        "type": "tarball",
        "url": "https://channels.nixos.org/nixos-25.11/nixexprs.tar.xz"
      }
    },
    "root": {
      "inputs": {
        "nixpkgs": "nixpkgs"
      }
    }
  },
  "root": "root",
  "version": 7
}
