{
  "nodes": {
    "nixpkgs": {
      "locked": {
        "lastModified": 1773222311,
        "narHash": "sha256-PIQOCh65JYWOp2t/Q+Yzdr3j65WoHQg6jdEqWIpC6ik=",
        "rev": "0590cd39f728e129122770c029970378a79d076a",
        "type": "tarball",
        "url": "https://releases.nixos.org/nixos/25.11/nixos-25.11.7421.0590cd39f728/nixexprs.tar.xz"
      },
      "original": {
        "type": "tarball",
        "url": "https://channels.nixos.org/nixos-25.11/nixexprs.tar.xz"
      }
    },
    "root": {
      "inputs": {
        "nixpkgs": "nixpkgs"
      }
    }
  },
  "root": "root",
  "version": 7
}
