{
  "nodes": {
    "channel": {
      "locked": {
        "lastModified": 1785989512,
        "narHash": "sha256-HFQhkQcl5D1hUNoen3SGHCSFCt2Bg6uP+HgbrnA3InQ=",
        "owner": "nixos",
        "repo": "nixpkgs",
        "rev": "445d861c6d31b4af0c79d8d4be2331f762a361d7",
        "type": "github"
      },
      "original": {
        "owner": "nixos",
        "ref": "nixos-26.05",
        "repo": "nixpkgs",
        "type": "github"
      }
    },
    "channel_2": {
      "locked": {
        "lastModified": 1787184810,
        "narHash": "sha256-8Z9Q4Wh/nqdpVSsVvSXxpIJ442CFzLDwfKmWMOsJwts=",
        "owner": "nixos",
        "repo": "nixpkgs",
        "rev": "271998520450db38b8c6b40464ea1fdb466db60c",
        "type": "github"
      },
      "original": {
        "owner": "nixos",
        "ref": "nixos-26.05-small",
        "repo": "nixpkgs",
        "type": "github"
      }
    },
    "channel_3": {
      "locked": {
        "lastModified": 1787135253,
        "narHash": "sha256-RD2kNWCG+Bjo6h+JVjWVNntZs2GtRoeY2xHjts/FNkA=",
        "owner": "nixos",
        "repo": "nixpkgs",
        "rev": "ffb3c9b700e759be2ef13237c9d8f953b32a1e46",
        "type": "github"
      },
      "original": {
        "owner": "nixos",
        "ref": "nixos-unstable",
        "repo": "nixpkgs",
        "type": "github"
      }
    },
    "channel_4": {
      "locked": {
        "lastModified": 1787234702,
        "narHash": "sha256-kvsnFCG4T5dmUj7BMcmpuPZjZNSjOZfhXUdjiBQG2xk=",
        "owner": "nixos",
        "repo": "nixpkgs",
        "rev": "5cca3a89405eb65d2adb43754c2af8dac7b6f2e1",
        "type": "github"
      },
      "original": {
        "owner": "nixos",
        "ref": "nixos-unstable-small",
        "repo": "nixpkgs",
        "type": "github"
      }
    },
    "channel_5": {
      "locked": {
        "lastModified": 1785067121,
        "narHash": "sha256-rdJdWxAcg5fnntU4DjPivPdVEN4F+VJavw+UWpEMeUI=",
        "owner": "nixos",
        "repo": "nixpkgs",
        "rev": "329c3d2af6d1b618705150ea39f72c15eb4e613e",
        "type": "github"
      },
      "original": {
        "owner": "nixos",
        "ref": "nixpkgs-26.05-darwin",
        "repo": "nixpkgs",
        "type": "github"
      }
    },
    "channel_6": {
      "locked": {
        "lastModified": 1787172299,
        "narHash": "sha256-PShzS87awOlE5XWkxUGBd/58/F+AtE2ZMgFffKj4r8s=",
        "owner": "nixos",
        "repo": "nixpkgs",
        "rev": "07e1d92cdc0ed416cfa11ff3ca40d17e61cfba7a",
        "type": "github"
      },
      "original": {
        "owner": "nixos",
        "ref": "nixpkgs-unstable",
        "repo": "nixpkgs",
        "type": "github"
      }
    },
    "nixos": {
      "inputs": {
        "channel": "channel"
      },
      "locked": {
        "dir": "nixos",
        "lastModified": 1786116428,
        "narHash": "sha256-ZHL0T/3l0umltCSx8UuPrLmOSk8NKOA465O/mIaldT0=",
        "owner": "nixology",
        "repo": "channels.nix",
        "rev": "89625c2368e3dbd1d4f5e608044f0b2406945e97",
        "type": "github"
      },
      "original": {
        "dir": "nixos",
        "owner": "nixology",
        "repo": "channels.nix",
        "type": "github"
      }
    },
    "nixos-small": {
      "inputs": {
        "channel": "channel_2"
      },
      "locked": {
        "dir": "nixos-small",
        "lastModified": 1787325973,
        "narHash": "sha256-YCV7FYd4RwF3GKeQlnadfome3hEWpzYodjBNPVujZQM=",
        "owner": "nixology",
        "repo": "channels.nix",
        "rev": "1da8c2ade17ec8dfd340ec1dccf2565429c66fb4",
        "type": "github"
      },
      "original": {
        "dir": "nixos-small",
        "owner": "nixology",
        "repo": "channels.nix",
        "type": "github"
      }
    },
    "nixos-unstable": {
      "inputs": {
        "channel": "channel_3"
      },
      "locked": {
        "dir": "nixos-unstable",
        "lastModified": 1787325973,
        "narHash": "sha256-YCV7FYd4RwF3GKeQlnadfome3hEWpzYodjBNPVujZQM=",
        "owner": "nixology",
        "repo": "channels.nix",
        "rev": "1da8c2ade17ec8dfd340ec1dccf2565429c66fb4",
        "type": "github"
      },
      "original": {
        "dir": "nixos-unstable",
        "owner": "nixology",
        "repo": "channels.nix",
        "type": "github"
      }
    },
    "nixos-unstable-small": {
      "inputs": {
        "channel": "channel_4"
      },
      "locked": {
        "dir": "nixos-unstable-small",
        "lastModified": 1787325973,
        "narHash": "sha256-YCV7FYd4RwF3GKeQlnadfome3hEWpzYodjBNPVujZQM=",
        "owner": "nixology",
        "repo": "channels.nix",
        "rev": "1da8c2ade17ec8dfd340ec1dccf2565429c66fb4",
        "type": "github"
      },
      "original": {
        "dir": "nixos-unstable-small",
        "owner": "nixology",
        "repo": "channels.nix",
        "type": "github"
      }
    },
    "nixpkgs-darwin": {
      "inputs": {
        "channel": "channel_5"
      },
      "locked": {
        "dir": "nixpkgs-darwin",
        "lastModified": 1786116428,
        "narHash": "sha256-ZHL0T/3l0umltCSx8UuPrLmOSk8NKOA465O/mIaldT0=",
        "owner": "nixology",
        "repo": "channels.nix",
        "rev": "89625c2368e3dbd1d4f5e608044f0b2406945e97",
        "type": "github"
      },
      "original": {
        "dir": "nixpkgs-darwin",
        "owner": "nixology",
        "repo": "channels.nix",
        "type": "github"
      }
    },
    "nixpkgs-unstable": {
      "inputs": {
        "channel": "channel_6"
      },
      "locked": {
        "dir": "nixpkgs-unstable",
        "lastModified": 1787325973,
        "narHash": "sha256-YCV7FYd4RwF3GKeQlnadfome3hEWpzYodjBNPVujZQM=",
        "owner": "nixology",
        "repo": "channels.nix",
        "rev": "1da8c2ade17ec8dfd340ec1dccf2565429c66fb4",
        "type": "github"
      },
      "original": {
        "dir": "nixpkgs-unstable",
        "owner": "nixology",
        "repo": "channels.nix",
        "type": "github"
      }
    },
    "root": {
      "inputs": {
        "nixos": "nixos",
        "nixos-small": "nixos-small",
        "nixos-unstable": "nixos-unstable",
        "nixos-unstable-small": "nixos-unstable-small",
        "nixpkgs-darwin": "nixpkgs-darwin",
        "nixpkgs-unstable": "nixpkgs-unstable"
      }
    }
  },
  "root": "root",
  "version": 7
}
