{
  "nodes": {
    "channel": {
      "locked": {
        "lastModified": 1785989512,
        "narHash": "sha256-HFQhkQcl5D1hUNoen3SGHCSFCt2Bg6uP+HgbrnA3InQ=",
        "owner": "nixos",
        "repo": "nixpkgs",
        "rev": "445d861c6d31b4af0c79d8d4be2331f762a361d7",
        "type": "github"
      },
      "original": {
        "owner": "nixos",
        "ref": "nixos-26.05",
        "repo": "nixpkgs",
        "type": "github"
      }
    },
    "channel_2": {
      "locked": {
        "lastModified": 1786089803,
        "narHash": "sha256-ZuvZfVW2tB5tXYEcpcfhVXB3N4OhdZLOqOviy4OD4b4=",
        "owner": "nixos",
        "repo": "nixpkgs",
        "rev": "ee48b147c18c7de1e6ec97dc74792be42724bed1",
        "type": "github"
      },
      "original": {
        "owner": "nixos",
        "ref": "nixos-26.05-small",
        "repo": "nixpkgs",
        "type": "github"
      }
    },
    "channel_3": {
      "locked": {
        "lastModified": 1785967620,
        "narHash": "sha256-IItrdb7Puk05RqOBWZYFC5X6Wl1sJmCfh5MWVHw5iMM=",
        "owner": "nixos",
        "repo": "nixpkgs",
        "rev": "b7c2ada94fe99c15b0dbcf4d11fd7850b957a436",
        "type": "github"
      },
      "original": {
        "owner": "nixos",
        "ref": "nixos-unstable",
        "repo": "nixpkgs",
        "type": "github"
      }
    },
    "channel_4": {
      "locked": {
        "lastModified": 1786074909,
        "narHash": "sha256-RXBE0mNKb5O4g5PR6iV43/A0qkibe2MSZ+DDvRS4ELs=",
        "owner": "nixos",
        "repo": "nixpkgs",
        "rev": "5738b3c785613e0f8e0d94662dd5542188bb4dc2",
        "type": "github"
      },
      "original": {
        "owner": "nixos",
        "ref": "nixos-unstable-small",
        "repo": "nixpkgs",
        "type": "github"
      }
    },
    "channel_5": {
      "locked": {
        "lastModified": 1784755387,
        "narHash": "sha256-uxq8JKEE6bjRst96QKwH5snLXC5QkrqoY+CYuhGqGQg=",
        "owner": "nixos",
        "repo": "nixpkgs",
        "rev": "2b7a84e696b76759b60bea1eafd62fa34fb96a6e",
        "type": "github"
      },
      "original": {
        "owner": "nixos",
        "ref": "nixpkgs-26.05-darwin",
        "repo": "nixpkgs",
        "type": "github"
      }
    },
    "channel_6": {
      "locked": {
        "lastModified": 1785747939,
        "narHash": "sha256-D740uKsMbgsfK2oaDenJLLPIZfq7W0/g4KN/Fls8eKs=",
        "owner": "nixos",
        "repo": "nixpkgs",
        "rev": "104240a772428cc2e20d8fd86c9ddbb886bbaff2",
        "type": "github"
      },
      "original": {
        "owner": "nixos",
        "ref": "nixpkgs-unstable",
        "repo": "nixpkgs",
        "type": "github"
      }
    },
    "nixos": {
      "inputs": {
        "channel": "channel"
      },
      "locked": {
        "dir": "nixos",
        "lastModified": 1786116428,
        "narHash": "sha256-ZHL0T/3l0umltCSx8UuPrLmOSk8NKOA465O/mIaldT0=",
        "owner": "nixology",
        "repo": "channels.nix",
        "rev": "89625c2368e3dbd1d4f5e608044f0b2406945e97",
        "type": "github"
      },
      "original": {
        "dir": "nixos",
        "owner": "nixology",
        "repo": "channels.nix",
        "type": "github"
      }
    },
    "nixos-small": {
      "inputs": {
        "channel": "channel_2"
      },
      "locked": {
        "dir": "nixos-small",
        "lastModified": 1786116428,
        "narHash": "sha256-ZHL0T/3l0umltCSx8UuPrLmOSk8NKOA465O/mIaldT0=",
        "owner": "nixology",
        "repo": "channels.nix",
        "rev": "89625c2368e3dbd1d4f5e608044f0b2406945e97",
        "type": "github"
      },
      "original": {
        "dir": "nixos-small",
        "owner": "nixology",
        "repo": "channels.nix",
        "type": "github"
      }
    },
    "nixos-unstable": {
      "inputs": {
        "channel": "channel_3"
      },
      "locked": {
        "dir": "nixos-unstable",
        "lastModified": 1786116428,
        "narHash": "sha256-ZHL0T/3l0umltCSx8UuPrLmOSk8NKOA465O/mIaldT0=",
        "owner": "nixology",
        "repo": "channels.nix",
        "rev": "89625c2368e3dbd1d4f5e608044f0b2406945e97",
        "type": "github"
      },
      "original": {
        "dir": "nixos-unstable",
        "owner": "nixology",
        "repo": "channels.nix",
        "type": "github"
      }
    },
    "nixos-unstable-small": {
      "inputs": {
        "channel": "channel_4"
      },
      "locked": {
        "dir": "nixos-unstable-small",
        "lastModified": 1786116428,
        "narHash": "sha256-ZHL0T/3l0umltCSx8UuPrLmOSk8NKOA465O/mIaldT0=",
        "owner": "nixology",
        "repo": "channels.nix",
        "rev": "89625c2368e3dbd1d4f5e608044f0b2406945e97",
        "type": "github"
      },
      "original": {
        "dir": "nixos-unstable-small",
        "owner": "nixology",
        "repo": "channels.nix",
        "type": "github"
      }
    },
    "nixpkgs-darwin": {
      "inputs": {
        "channel": "channel_5"
      },
      "locked": {
        "dir": "nixpkgs-darwin",
        "lastModified": 1784906815,
        "narHash": "sha256-+AyPpxxaRPW+o91ywXJSFWAogPxvFEsGtqAF/ndg9t8=",
        "owner": "nixology",
        "repo": "channels.nix",
        "rev": "644de17c9f93ac82a3fc8fd59017bf881054347d",
        "type": "github"
      },
      "original": {
        "dir": "nixpkgs-darwin",
        "owner": "nixology",
        "repo": "channels.nix",
        "type": "github"
      }
    },
    "nixpkgs-unstable": {
      "inputs": {
        "channel": "channel_6"
      },
      "locked": {
        "dir": "nixpkgs-unstable",
        "lastModified": 1786116428,
        "narHash": "sha256-ZHL0T/3l0umltCSx8UuPrLmOSk8NKOA465O/mIaldT0=",
        "owner": "nixology",
        "repo": "channels.nix",
        "rev": "89625c2368e3dbd1d4f5e608044f0b2406945e97",
        "type": "github"
      },
      "original": {
        "dir": "nixpkgs-unstable",
        "owner": "nixology",
        "repo": "channels.nix",
        "type": "github"
      }
    },
    "root": {
      "inputs": {
        "nixos": "nixos",
        "nixos-small": "nixos-small",
        "nixos-unstable": "nixos-unstable",
        "nixos-unstable-small": "nixos-unstable-small",
        "nixpkgs-darwin": "nixpkgs-darwin",
        "nixpkgs-unstable": "nixpkgs-unstable"
      }
    }
  },
  "root": "root",
  "version": 7
}
