{
  "nodes": {
    "nixpkgs": {
      "locked": {
        "lastModified": 1773276312,
        "narHash": "sha256-GeYxYxhbW/KhVOz7xrmtiGV6HgudvMm6bjgpQMLlfgc=",
        "rev": "87fd45fc9269db8f7197d27c620606323bbf5efa",
        "type": "tarball",
        "url": "https://releases.nixos.org/nixos/unstable-small/nixos-26.05pre962275.87fd45fc9269/nixexprs.tar.xz"
      },
      "original": {
        "type": "tarball",
        "url": "https://channels.nixos.org/nixos-unstable-small/nixexprs.tar.xz"
      }
    },
    "root": {
      "inputs": {
        "nixpkgs": "nixpkgs"
      }
    }
  },
  "root": "root",
  "version": 7
}
