{
  "nodes": {
    "nixpkgs": {
      "locked": {
        "lastModified": 1771369470,
        "narHash": "sha256-QuLskcmhZmccr+kp9DhjrH7AkFvA9mf+dZdOQfNq/KI=",
        "rev": "0182a361324364ae3f436a63005877674cf45efb",
        "type": "tarball",
        "url": "https://releases.nixos.org/nixos/unstable/nixos-26.05pre948083.0182a3613243/nixexprs.tar.xz"
      },
      "original": {
        "type": "tarball",
        "url": "https://channels.nixos.org/nixos-unstable/nixexprs.tar.xz"
      }
    },
    "root": {
      "inputs": {
        "nixpkgs": "nixpkgs"
      }
    }
  },
  "root": "root",
  "version": 7
}
