{
  "nodes": {
    "nixpkgs": {
      "locked": {
        "lastModified": 1777212602,
        "narHash": "sha256-P2JI1E5T9Sohh9XKOQIlZ1JfMlRoHRJpGSKEAnt3+go=",
        "owner": "nixos",
        "repo": "nixpkgs",
        "rev": "ec333863325cbfa797ab194fd58745f0ac60ab6a",
        "type": "github"
      },
      "original": {
        "owner": "nixos",
        "ref": "nixos-25.11-small",
        "repo": "nixpkgs",
        "type": "github"
      }
    },
    "root": {
      "inputs": {
        "nixpkgs": "nixpkgs"
      }
    }
  },
  "root": "root",
  "version": 7
}
