{
  "nodes": {
    "nixpkgs": {
      "locked": {
        "lastModified": 1776913179,
        "narHash": "sha256-Iwesd5EElZRa6DAV5tay8X2g2BFz9pctl9H2v8Uri+s=",
        "owner": "nixos",
        "repo": "nixpkgs",
        "rev": "714c76b9f9abc1b58fc46721211f558cff36a6eb",
        "type": "github"
      },
      "original": {
        "owner": "nixos",
        "ref": "nixos-25.11-small",
        "repo": "nixpkgs",
        "type": "github"
      }
    },
    "root": {
      "inputs": {
        "nixpkgs": "nixpkgs"
      }
    }
  },
  "root": "root",
  "version": 7
}
