{
  "nodes": {
    "nixpkgs": {
      "inputs": {
        "nixpkgs": [
          "nixpkgs",
          "unstable",
          "nixpkgs"
        ],
        "unstable": "unstable"
      },
      "locked": {
        "path": "./nixpkgs",
        "type": "path"
      },
      "original": {
        "path": "./nixpkgs",
        "type": "path"
      },
      "parent": []
    },
    "nixpkgs_2": {
      "locked": {
        "lastModified": 1773201692,
        "narHash": "sha256-NXrKzNMniu4Oam2kAFvqJ3GB2kAvlAFIriTAheaY8hw=",
        "owner": "nixos",
        "repo": "nixpkgs",
        "rev": "b6067cc0127d4db9c26c79e4de0513e58d0c40c9",
        "type": "github"
      },
      "original": {
        "owner": "nixos",
        "ref": "nixpkgs-unstable",
        "repo": "nixpkgs",
        "type": "github"
      }
    },
    "root": {
      "inputs": {
        "nixpkgs": "nixpkgs"
      }
    },
    "unstable": {
      "inputs": {
        "nixpkgs": "nixpkgs_2"
      },
      "locked": {
        "dir": "partitions/pkgs/unstable",
        "lastModified": 1774222653,
        "narHash": "sha256-DRSD+d6GR+QuJuocA3boL6AIKfdMInbAPbrupys2HP0=",
        "ref": "refs/heads/main",
        "rev": "1e9d432a07f458411d9446f4dfd0761f478dd73f",
        "revCount": 40,
        "type": "git",
        "url": "ssh://git@github.com/marksisson/std"
      },
      "original": {
        "dir": "partitions/pkgs/unstable",
        "type": "git",
        "url": "ssh://git@github.com/marksisson/std"
      }
    }
  },
  "root": "root",
  "version": 7
}
