{
  "nodes": {
    "nixpkgs": {
      "locked": {
        "lastModified": 1776784345,
        "narHash": "sha256-IwBAqEljQ0WNVRRQf/ItWIHqIgi5ap+noM2unsLCa8Y=",
        "owner": "nixos",
        "repo": "nixpkgs",
        "rev": "377ba9abb3f416ee2786cb7eb6219bb1d29ce63f",
        "type": "github"
      },
      "original": {
        "owner": "nixos",
        "ref": "nixpkgs-25.11-darwin",
        "repo": "nixpkgs",
        "type": "github"
      }
    },
    "root": {
      "inputs": {
        "nixpkgs": "nixpkgs"
      }
    }
  },
  "root": "root",
  "version": 7
}
